// !$*UTF8*$!
{
	archiveVersion = 1;
	classes = {
	};
	objectVersion = 46;
	objects = {

/* Begin PBXBuildFile section */
		5E35BC0E14C46DEC0059A9E5 /* UIKit.framework in Frameworks */ = {isa = PBXBuildFile; fileRef = 5E35BC0D14C46DEC0059A9E5 /* UIKit.framework */; };
		5E35BC1014C46DEC0059A9E5 /* Foundation.framework in Frameworks */ = {isa = PBXBuildFile; fileRef = 5E35BC0F14C46DEC0059A9E5 /* Foundation.framework */; };
		5E35BC1214C46DEC0059A9E5 /* CoreGraphics.framework in Frameworks */ = {isa = PBXBuildFile; fileRef = 5E35BC1114C46DEC0059A9E5 /* CoreGraphics.framework */; };
		5E35BC1814C46DEC0059A9E5 /* InfoPlist.strings in Resources */ = {isa = PBXBuildFile; fileRef = 5E35BC1614C46DEC0059A9E5 /* InfoPlist.strings */; };
		5E35BC1A14C46DEC0059A9E5 /* main.m in Sources */ = {isa = PBXBuildFile; fileRef = 5E35BC1914C46DEC0059A9E5 /* main.m */; };
		5E35BC1E14C46DEC0059A9E5 /* AppDelegate.m in Sources */ = {isa = PBXBuildFile; fileRef = 5E35BC1D14C46DEC0059A9E5 /* AppDelegate.m */; };
		5E8E327316A01E8900D8DB8B /* ViewController.m in Sources */ = {isa = PBXBuildFile; fileRef = 5E8E327216A01E8900D8DB8B /* ViewController.m */; };
		5E8E327816A01EE400D8DB8B /* MainStoryboard_iPad.storyboard in Resources */ = {isa = PBXBuildFile; fileRef = 5E8E327416A01EE400D8DB8B /* MainStoryboard_iPad.storyboard */; };
		5E8E327916A01EE400D8DB8B /* MainStoryboard_iPhone.storyboard in Resources */ = {isa = PBXBuildFile; fileRef = 5E8E327616A01EE400D8DB8B /* MainStoryboard_iPhone.storyboard */; };
		5E8E327B16A01F0A00D8DB8B /* Default-568h@2x.png in Resources */ = {isa = PBXBuildFile; fileRef = 5E8E327A16A01F0A00D8DB8B /* Default-568h@2x.png */; };
		5EB2E15115B7438800CDE344 /* BSKeyboardControls.m in Sources */ = {isa = PBXBuildFile; fileRef = 5EB2E14D15B7438800CDE344 /* BSKeyboardControls.m */; };
		5EB2E15215B7438800CDE344 /* BSKeyboardControls.strings in Resources */ = {isa = PBXBuildFile; fileRef = 5EB2E14E15B7438800CDE344 /* BSKeyboardControls.strings */; };
/* End PBXBuildFile section */

/* Begin PBXFileReference section */
		186F36A6182A24D700DF6276 /* ru-RU */ = {isa = PBXFileReference; lastKnownFileType = text.plist.strings; name = "ru-RU"; path = "ru-RU.lproj/BSKeyboardControls.strings"; sourceTree = "<group>"; };
		186F36A7182A263C00DF6276 /* ru */ = {isa = PBXFileReference; lastKnownFileType = text.plist.strings; name = ru; path = ru.lproj/BSKeyboardControls.strings; sourceTree = "<group>"; };
		5E35BC0914C46DEC0059A9E5 /* Example.app */ = {isa = PBXFileReference; explicitFileType = wrapper.application; includeInIndex = 0; path = Example.app; sourceTree = BUILT_PRODUCTS_DIR; };
		5E35BC0D14C46DEC0059A9E5 /* UIKit.framework */ = {isa = PBXFileReference; lastKnownFileType = wrapper.framework; name = UIKit.framework; path = System/Library/Frameworks/UIKit.framework; sourceTree = SDKROOT; };
		5E35BC0F14C46DEC0059A9E5 /* Foundation.framework */ = {isa = PBXFileReference; lastKnownFileType = wrapper.framework; name = Foundation.framework; path = System/Library/Frameworks/Foundation.framework; sourceTree = SDKROOT; };
		5E35BC1114C46DEC0059A9E5 /* CoreGraphics.framework */ = {isa = PBXFileReference; lastKnownFileType = wrapper.framework; name = CoreGraphics.framework; path = System/Library/Frameworks/CoreGraphics.framework; sourceTree = SDKROOT; };
		5E35BC1514C46DEC0059A9E5 /* Example-Info.plist */ = {isa = PBXFileReference; lastKnownFileType = text.plist.xml; path = "Example-Info.plist"; sourceTree = "<group>"; };
		5E35BC1714C46DEC0059A9E5 /* en */ = {isa = PBXFileReference; lastKnownFileType = text.plist.strings; name = en; path = en.lproj/InfoPlist.strings; sourceTree = "<group>"; };
		5E35BC1914C46DEC0059A9E5 /* main.m */ = {isa = PBXFileReference; lastKnownFileType = sourcecode.c.objc; path = main.m; sourceTree = "<group>"; };
		5E35BC1B14C46DEC0059A9E5 /* Example-Prefix.pch */ = {isa = PBXFileReference; lastKnownFileType = sourcecode.c.h; path = "Example-Prefix.pch"; sourceTree = "<group>"; };
		5E35BC1C14C46DEC0059A9E5 /* AppDelegate.h */ = {isa = PBXFileReference; lastKnownFileType = sourcecode.c.h; path = AppDelegate.h; sourceTree = "<group>"; };
		5E35BC1D14C46DEC0059A9E5 /* AppDelegate.m */ = {isa = PBXFileReference; lastKnownFileType = sourcecode.c.objc; path = AppDelegate.m; sourceTree = "<group>"; };
		5E35BC2E14C46DEC0059A9E5 /* SenTestingKit.framework */ = {isa = PBXFileReference; lastKnownFileType = wrapper.framework; name = SenTestingKit.framework; path = Library/Frameworks/SenTestingKit.framework; sourceTree = DEVELOPER_DIR; };
		5E8E327116A01E8900D8DB8B /* ViewController.h */ = {isa = PBXFileReference; fileEncoding = 4; lastKnownFileType = sourcecode.c.h; path = ViewController.h; sourceTree = "<group>"; };
		5E8E327216A01E8900D8DB8B /* ViewController.m */ = {isa = PBXFileReference; fileEncoding = 4; lastKnownFileType = sourcecode.c.objc; path = ViewController.m; sourceTree = "<group>"; };
		5E8E327516A01EE400D8DB8B /* en */ = {isa = PBXFileReference; lastKnownFileType = file.storyboard; name = en; path = en.lproj/MainStoryboard_iPad.storyboard; sourceTree = "<group>"; };
		5E8E327716A01EE400D8DB8B /* en */ = {isa = PBXFileReference; lastKnownFileType = file.storyboard; name = en; path = en.lproj/MainStoryboard_iPhone.storyboard; sourceTree = "<group>"; };
		5E8E327A16A01F0A00D8DB8B /* Default-568h@2x.png */ = {isa = PBXFileReference; lastKnownFileType = image.png; name = "Default-568h@2x.png"; path = "../Default-568h@2x.png"; sourceTree = "<group>"; };
		5EB2E14C15B7438800CDE344 /* BSKeyboardControls.h */ = {isa = PBXFileReference; fileEncoding = 4; lastKnownFileType = sourcecode.c.h; path = BSKeyboardControls.h; sourceTree = "<group>"; };
		5EB2E14D15B7438800CDE344 /* BSKeyboardControls.m */ = {isa = PBXFileReference; fileEncoding = 4; lastKnownFileType = sourcecode.c.objc; path = BSKeyboardControls.m; sourceTree = "<group>"; };
		5EB2E14F15B7438800CDE344 /* da */ = {isa = PBXFileReference; lastKnownFileType = text.plist.strings; name = da; path = da.lproj/BSKeyboardControls.strings; sourceTree = "<group>"; };
		5EB2E15015B7438800CDE344 /* en */ = {isa = PBXFileReference; lastKnownFileType = text.plist.strings; name = en; path = en.lproj/BSKeyboardControls.strings; sourceTree = "<group>"; };
		7209407117CE250700EE7013 /* sv */ = {isa = PBXFileReference; lastKnownFileType = text.plist.strings; name = sv; path = sv.lproj/BSKeyboardControls.strings; sourceTree = "<group>"; };
		E100EFAA1819B60500E07440 /* pt */ = {isa = PBXFileReference; lastKnownFileType = text.plist.strings; name = pt; path = pt.lproj/BSKeyboardControls.strings; sourceTree = "<group>"; };
/* End PBXFileReference section */

/* Begin PBXFrameworksBuildPhase section */
		5E35BC0614C46DEC0059A9E5 /* Frameworks */ = {
			isa = PBXFrameworksBuildPhase;
			buildActionMask = 2147483647;
			files = (
				5E35BC0E14C46DEC0059A9E5 /* UIKit.framework in Frameworks */,
				5E35BC1014C46DEC0059A9E5 /* Foundation.framework in Frameworks */,
				5E35BC1214C46DEC0059A9E5 /* CoreGraphics.framework in Frameworks */,
			);
			runOnlyForDeploymentPostprocessing = 0;
		};
/* End PBXFrameworksBuildPhase section */

/* Begin PBXGroup section */
		5E35BBFE14C46DEC0059A9E5 = {
			isa = PBXGroup;
			children = (
				5E35BC1314C46DEC0059A9E5 /* Example */,
				5E35BC0C14C46DEC0059A9E5 /* Frameworks */,
				5E35BC0A14C46DEC0059A9E5 /* Products */,
			);
			sourceTree = "<group>";
		};
		5E35BC0A14C46DEC0059A9E5 /* Products */ = {
			isa = PBXGroup;
			children = (
				5E35BC0914C46DEC0059A9E5 /* Example.app */,
			);
			name = Products;
			sourceTree = "<group>";
		};
		5E35BC0C14C46DEC0059A9E5 /* Frameworks */ = {
			isa = PBXGroup;
			children = (
				5E35BC0D14C46DEC0059A9E5 /* UIKit.framework */,
				5E35BC0F14C46DEC0059A9E5 /* Foundation.framework */,
				5E35BC1114C46DEC0059A9E5 /* CoreGraphics.framework */,
				5E35BC2E14C46DEC0059A9E5 /* SenTestingKit.framework */,
			);
			name = Frameworks;
			sourceTree = "<group>";
		};
		5E35BC1314C46DEC0059A9E5 /* Example */ = {
			isa = PBXGroup;
			children = (
				5EB2E14B15B7438800CDE344 /* BSKeyboardControls */,
				5E35BC1C14C46DEC0059A9E5 /* AppDelegate.h */,
				5E35BC1D14C46DEC0059A9E5 /* AppDelegate.m */,
				5E8E327416A01EE400D8DB8B /* MainStoryboard_iPad.storyboard */,
				5E8E327616A01EE400D8DB8B /* MainStoryboard_iPhone.storyboard */,
				5E8E327116A01E8900D8DB8B /* ViewController.h */,
				5E8E327216A01E8900D8DB8B /* ViewController.m */,
				5E35BC1414C46DEC0059A9E5 /* Supporting Files */,
			);
			path = Example;
			sourceTree = "<group>";
		};
		5E35BC1414C46DEC0059A9E5 /* Supporting Files */ = {
			isa = PBXGroup;
			children = (
				5E35BC1514C46DEC0059A9E5 /* Example-Info.plist */,
				5E35BC1614C46DEC0059A9E5 /* InfoPlist.strings */,
				5E35BC1914C46DEC0059A9E5 /* main.m */,
				5E35BC1B14C46DEC0059A9E5 /* Example-Prefix.pch */,
				5E8E327A16A01F0A00D8DB8B /* Default-568h@2x.png */,
			);
			name = "Supporting Files";
			sourceTree = "<group>";
		};
		5EB2E14B15B7438800CDE344 /* BSKeyboardControls */ = {
			isa = PBXGroup;
			children = (
				5EB2E14C15B7438800CDE344 /* BSKeyboardControls.h */,
				5EB2E14D15B7438800CDE344 /* BSKeyboardControls.m */,
				5EB2E14E15B7438800CDE344 /* BSKeyboardControls.strings */,
			);
			name = BSKeyboardControls;
			path = ../../BSKeyboardControls;
			sourceTree = "<group>";
		};
/* End PBXGroup section */

/* Begin PBXNativeTarget section */
		5E35BC0814C46DEC0059A9E5 /* Example */ = {
			isa = PBXNativeTarget;
			buildConfigurationList = 5E35BC3F14C46DEC0059A9E5 /* Build configuration list for PBXNativeTarget "Example" */;
			buildPhases = (
				5E35BC0514C46DEC0059A9E5 /* Sources */,
				5E35BC0614C46DEC0059A9E5 /* Frameworks */,
				5E35BC0714C46DEC0059A9E5 /* Resources */,
			);
			buildRules = (
			);
			dependencies = (
			);
			name = Example;
			productName = Example;
			productReference = 5E35BC0914C46DEC0059A9E5 /* Example.app */;
			productType = "com.apple.product-type.application";
		};
/* End PBXNativeTarget section */

/* Begin PBXProject section */
		5E35BC0014C46DEC0059A9E5 /* Project object */ = {
			isa = PBXProject;
			attributes = {
				LastUpgradeCheck = 0450;
			};
			buildConfigurationList = 5E35BC0314C46DEC0059A9E5 /* Build configuration list for PBXProject "Example" */;
			compatibilityVersion = "Xcode 3.2";
			developmentRegion = English;
			hasScannedForEncodings = 0;
			knownRegions = (
				en,
				da,
				sv,
				pt,
				"ru-RU",
				ru,
			);
			mainGroup = 5E35BBFE14C46DEC0059A9E5;
			productRefGroup = 5E35BC0A14C46DEC0059A9E5 /* Products */;
			projectDirPath = "";
			projectRoot = "";
			targets = (
				5E35BC0814C46DEC0059A9E5 /* Example */,
			);
		};
/* End PBXProject section */

/* Begin PBXResourcesBuildPhase section */
		5E35BC0714C46DEC0059A9E5 /* Resources */ = {
			isa = PBXResourcesBuildPhase;
			buildActionMask = 2147483647;
			files = (
				5E35BC1814C46DEC0059A9E5 /* InfoPlist.strings in Resources */,
				5EB2E15215B7438800CDE344 /* BSKeyboardControls.strings in Resources */,
				5E8E327816A01EE400D8DB8B /* MainStoryboard_iPad.storyboard in Resources */,
				5E8E327916A01EE400D8DB8B /* MainStoryboard_iPhone.storyboard in Resources */,
				5E8E327B16A01F0A00D8DB8B /* Default-568h@2x.png in Resources */,
			);
			runOnlyForDeploymentPostprocessing = 0;
		};
/* End PBXResourcesBuildPhase section */

/* Begin PBXSourcesBuildPhase section */
		5E35BC0514C46DEC0059A9E5 /* Sources */ = {
			isa = PBXSourcesBuildPhase;
			buildActionMask = 2147483647;
			files = (
				5E35BC1A14C46DEC0059A9E5 /* main.m in Sources */,
				5E35BC1E14C46DEC0059A9E5 /* AppDelegate.m in Sources */,
				5EB2E15115B7438800CDE344 /* BSKeyboardControls.m in Sources */,
				5E8E327316A01E8900D8DB8B /* ViewController.m in Sources */,
			);
			runOnlyForDeploymentPostprocessing = 0;
		};
/* End PBXSourcesBuildPhase section */

/* Begin PBXVariantGroup section */
		5E35BC1614C46DEC0059A9E5 /* InfoPlist.strings */ = {
			isa = PBXVariantGroup;
			children = (
				5E35BC1714C46DEC0059A9E5 /* en */,
			);
			name = InfoPlist.strings;
			sourceTree = "<group>";
		};
		5E8E327416A01EE400D8DB8B /* MainStoryboard_iPad.storyboard */ = {
			isa = PBXVariantGroup;
			children = (
				5E8E327516A01EE400D8DB8B /* en */,
			);
			name = MainStoryboard_iPad.storyboard;
			sourceTree = "<group>";
		};
		5E8E327616A01EE400D8DB8B /* MainStoryboard_iPhone.storyboard */ = {
			isa = PBXVariantGroup;
			children = (
				5E8E327716A01EE400D8DB8B /* en */,
			);
			name = MainStoryboard_iPhone.storyboard;
			sourceTree = "<group>";
		};
		5EB2E14E15B7438800CDE344 /* BSKeyboardControls.strings */ = {
			isa = PBXVariantGroup;
			children = (
				5EB2E14F15B7438800CDE344 /* da */,
				5EB2E15015B7438800CDE344 /* en */,
				7209407117CE250700EE7013 /* sv */,
				E100EFAA1819B60500E07440 /* pt */,
				186F36A6182A24D700DF6276 /* ru-RU */,
				186F36A7182A263C00DF6276 /* ru */,
			);
			name = BSKeyboardControls.strings;
			sourceTree = "<group>";
		};
/* End PBXVariantGroup section */

/* Begin XCBuildConfiguration section */
		5E35BC3D14C46DEC0059A9E5 /* Debug */ = {
			isa = XCBuildConfiguration;
			buildSettings = {
				ALWAYS_SEARCH_USER_PATHS = NO;
				ARCHS = "$(ARCHS_STANDARD_32_BIT)";
				CLANG_ENABLE_OBJC_ARC = YES;
				"CODE_SIGN_IDENTITY[sdk=iphoneos*]" = "";
				COPY_PHASE_STRIP = NO;
				GCC_C_LANGUAGE_STANDARD = gnu99;
				GCC_DYNAMIC_NO_PIC = NO;
				GCC_OPTIMIZATION_LEVEL = 0;
				GCC_PREPROCESSOR_DEFINITIONS = (
					"DEBUG=1",
					"$(inherited)",
				);
				GCC_SYMBOLS_PRIVATE_EXTERN = NO;
				GCC_VERSION = com.apple.compilers.llvm.clang.1_0;
				GCC_WARN_ABOUT_MISSING_PROTOTYPES = YES;
				GCC_WARN_ABOUT_RETURN_TYPE = YES;
				GCC_WARN_UNUSED_VARIABLE = YES;
				IPHONEOS_DEPLOYMENT_TARGET = 5.0;
				SDKROOT = iphoneos;
				TARGETED_DEVICE_FAMILY = "1,2";
			};
			name = Debug;
		};
		5E35BC3E14C46DEC0059A9E5 /* Release */ = {
			isa = XCBuildConfiguration;
			buildSettings = {
				ALWAYS_SEARCH_USER_PATHS = NO;
				ARCHS = "$(ARCHS_STANDARD_32_BIT)";
				CLANG_ENABLE_OBJC_ARC = YES;
				"CODE_SIGN_IDENTITY[sdk=iphoneos*]" = "";
				COPY_PHASE_STRIP = YES;
				GCC_C_LANGUAGE_STANDARD = gnu99;
				GCC_VERSION = com.apple.compilers.llvm.clang.1_0;
				GCC_WARN_ABOUT_MISSING_PROTOTYPES = YES;
				GCC_WARN_ABOUT_RETURN_TYPE = YES;
				GCC_WARN_UNUSED_VARIABLE = YES;
				IPHONEOS_DEPLOYMENT_TARGET = 5.0;
				OTHER_CFLAGS = "-DNS_BLOCK_ASSERTIONS=1";
				SDKROOT = iphoneos;
				TARGETED_DEVICE_FAMILY = "1,2";
				VALIDATE_PRODUCT = YES;
			};
			name = Release;
		};
		5E35BC4014C46DEC0059A9E5 /* Debug */ = {
			isa = XCBuildConfiguration;
			buildSettings = {
				"CODE_SIGN_IDENTITY[sdk=iphoneos*]" = "";
				GCC_PRECOMPILE_PREFIX_HEADER = YES;
				GCC_PREFIX_HEADER = "Example/Example-Prefix.pch";
				INFOPLIST_FILE = "Example/Example-Info.plist";
				PRODUCT_NAME = "$(TARGET_NAME)";
				WRAPPER_EXTENSION = app;
			};
			name = Debug;
		};
		5E35BC4114C46DEC0059A9E5 /* Release */ = {
			isa = XCBuildConfiguration;
			buildSettings = {
				"CODE_SIGN_IDENTITY[sdk=iphoneos*]" = "";
				GCC_PRECOMPILE_PREFIX_HEADER = YES;
				GCC_PREFIX_HEADER = "Example/Example-Prefix.pch";
				INFOPLIST_FILE = "Example/Example-Info.plist";
				PRODUCT_NAME = "$(TARGET_NAME)";
				WRAPPER_EXTENSION = app;
			};
			name = Release;
		};
/* End XCBuildConfiguration section */

/* Begin XCConfigurationList section */
		5E35BC0314C46DEC0059A9E5 /* Build configuration list for PBXProject "Example" */ = {
			isa = XCConfigurationList;
			buildConfigurations = (
				5E35BC3D14C46DEC0059A9E5 /* Debug */,
				5E35BC3E14C46DEC0059A9E5 /* Release */,
			);
			defaultConfigurationIsVisible = 0;
			defaultConfigurationName = Release;
		};
		5E35BC3F14C46DEC0059A9E5 /* Build configuration list for PBXNativeTarget "Example" */ = {
			isa = XCConfigurationList;
			buildConfigurations = (
				5E35BC4014C46DEC0059A9E5 /* Debug */,
				5E35BC4114C46DEC0059A9E5 /* Release */,
			);
			defaultConfigurationIsVisible = 0;
			defaultConfigurationName = Release;
		};
/* End XCConfigurationList section */
	};
	rootObject = 5E35BC0014C46DEC0059A9E5 /* Project object */;
}
